
Microsoft Visual Studio Solution File, Format Version 12.00
Project("{FAE04EC0-301F-11D3-BF4B-00C04F79EFBC}") = "loopsAndArrays", "loopsAndArrays\loopsAndArrays.csproj", "{7AF5EF68-D01E-4C55-B1C2-EDD1C9F926DF}"
EndProject
Global
	GlobalSection(SolutionConfigurationPlatforms) = preSolution
		Debug|Any CPU = Debug|Any CPU
		Release|Any CPU = Release|Any CPU
	EndGlobalSection
	GlobalSection(ProjectConfigurationPlatforms) = postSolution
		{7AF5EF68-D01E-4C55-B1C2-EDD1C9F926DF}.Debug|Any CPU.ActiveCfg = Debug|Any CPU
		{7AF5EF68-D01E-4C55-B1C2-EDD1C9F926DF}.Debug|Any CPU.Build.0 = Debug|Any CPU
		{7AF5EF68-D01E-4C55-B1C2-EDD1C9F926DF}.Release|Any CPU.ActiveCfg = Release|Any CPU
		{7AF5EF68-D01E-4C55-B1C2-EDD1C9F926DF}.Release|Any CPU.Build.0 = Release|Any CPU
	EndGlobalSection
EndGlobal
